
Microsoft Visual Studio Solution File, Format Version 12.00
# Visual Studio Version 16
VisualStudioVersion = 16.0.31129.286
MinimumVisualStudioVersion = 10.0.40219.1
Project("{9A19103F-16F7-4668-BE54-9A1E7A4F7556}") = "WebCrawler.Logic", "WebCrawler.Logic\WebCrawler.Logic.csproj", "{07189D64-1F38-4E24-97AF-FE8B1A192EE4}"
EndProject
Project("{9A19103F-16F7-4668-BE54-9A1E7A4F7556}") = "WebCrawler.ConsoleApplication", "WebCrawler.ConsoleApplication\WebCrawler.ConsoleApplication.csproj", "{4418D94C-35C8-4C3F-8C77-35128574C1FF}"
EndProject
Project("{9A19103F-16F7-4668-BE54-9A1E7A4F7556}") = "WebCrawler.Logic.Tests", "WebCrawler.Logic.Tests\WebCrawler.Logic.Tests.csproj", "{C4AD26C2-1219-42BC-BC14-B76A54D9B71B}"
EndProject
Project("{9A19103F-16F7-4668-BE54-9A1E7A4F7556}") = "WebCrawler.ConsoleApplication.Tests", "WebCrawler.ConsoleApplication.Tests\WebCrawler.ConsoleApplication.Tests.csproj", "{8F570B0B-3E4C-4CEE-A81B-226276D45E74}"
EndProject
Project("{9A19103F-16F7-4668-BE54-9A1E7A4F7556}") = "WebCrawler.EntityFramework", "WebCrawler.EntityFramework\WebCrawler.EntityFramework.csproj", "{E074AF5E-C71D-43B0-8A7F-D8A0ED98486E}"
EndProject
Project("{9A19103F-16F7-4668-BE54-9A1E7A4F7556}") = "WebCrawler.Data", "WebCrawler.Data\WebCrawler.Data.csproj", "{9C69AF48-EF1C-450C-86B3-8EC3D57FCF16}"
EndProject
Project("{9A19103F-16F7-4668-BE54-9A1E7A4F7556}") = "WebCrawler.WebApplication", "WebCrawler.WebApplication\WebCrawler.WebApplication.csproj", "{7D9CB3F6-14D1-4FF2-A5CE-EC4A1759FA98}"
EndProject
Project("{FAE04EC0-301F-11D3-BF4B-00C04F79EFBC}") = "WebCrawler.WebAPI", "WebCrawler.WebAPI\WebCrawler.WebAPI.csproj", "{4D562622-5198-4F92-AAB0-9639529E720B}"
EndProject
Global
	GlobalSection(SolutionConfigurationPlatforms) = preSolution
		Debug|Any CPU = Debug|Any CPU
		Release|Any CPU = Release|Any CPU
	EndGlobalSection
	GlobalSection(ProjectConfigurationPlatforms) = postSolution
		{07189D64-1F38-4E24-97AF-FE8B1A192EE4}.Debug|Any CPU.ActiveCfg = Debug|Any CPU
		{07189D64-1F38-4E24-97AF-FE8B1A192EE4}.Debug|Any CPU.Build.0 = Debug|Any CPU
		{07189D64-1F38-4E24-97AF-FE8B1A192EE4}.Release|Any CPU.ActiveCfg = Release|Any CPU
		{07189D64-1F38-4E24-97AF-FE8B1A192EE4}.Release|Any CPU.Build.0 = Release|Any CPU
		{4418D94C-35C8-4C3F-8C77-35128574C1FF}.Debug|Any CPU.ActiveCfg = Debug|Any CPU
		{4418D94C-35C8-4C3F-8C77-35128574C1FF}.Debug|Any CPU.Build.0 = Debug|Any CPU
		{4418D94C-35C8-4C3F-8C77-35128574C1FF}.Release|Any CPU.ActiveCfg = Release|Any CPU
		{4418D94C-35C8-4C3F-8C77-35128574C1FF}.Release|Any CPU.Build.0 = Release|Any CPU
		{C4AD26C2-1219-42BC-BC14-B76A54D9B71B}.Debug|Any CPU.ActiveCfg = Debug|Any CPU
		{C4AD26C2-1219-42BC-BC14-B76A54D9B71B}.Debug|Any CPU.Build.0 = Debug|Any CPU
		{C4AD26C2-1219-42BC-BC14-B76A54D9B71B}.Release|Any CPU.ActiveCfg = Release|Any CPU
		{C4AD26C2-1219-42BC-BC14-B76A54D9B71B}.Release|Any CPU.Build.0 = Release|Any CPU
		{8F570B0B-3E4C-4CEE-A81B-226276D45E74}.Debug|Any CPU.ActiveCfg = Debug|Any CPU
		{8F570B0B-3E4C-4CEE-A81B-226276D45E74}.Debug|Any CPU.Build.0 = Debug|Any CPU
		{8F570B0B-3E4C-4CEE-A81B-226276D45E74}.Release|Any CPU.ActiveCfg = Release|Any CPU
		{8F570B0B-3E4C-4CEE-A81B-226276D45E74}.Release|Any CPU.Build.0 = Release|Any CPU
		{E074AF5E-C71D-43B0-8A7F-D8A0ED98486E}.Debug|Any CPU.ActiveCfg = Debug|Any CPU
		{E074AF5E-C71D-43B0-8A7F-D8A0ED98486E}.Debug|Any CPU.Build.0 = Debug|Any CPU
		{E074AF5E-C71D-43B0-8A7F-D8A0ED98486E}.Release|Any CPU.ActiveCfg = Release|Any CPU
		{E074AF5E-C71D-43B0-8A7F-D8A0ED98486E}.Release|Any CPU.Build.0 = Release|Any CPU
		{9C69AF48-EF1C-450C-86B3-8EC3D57FCF16}.Debug|Any CPU.ActiveCfg = Debug|Any CPU
		{9C69AF48-EF1C-450C-86B3-8EC3D57FCF16}.Debug|Any CPU.Build.0 = Debug|Any CPU
		{9C69AF48-EF1C-450C-86B3-8EC3D57FCF16}.Release|Any CPU.ActiveCfg = Release|Any CPU
		{9C69AF48-EF1C-450C-86B3-8EC3D57FCF16}.Release|Any CPU.Build.0 = Release|Any CPU
		{7D9CB3F6-14D1-4FF2-A5CE-EC4A1759FA98}.Debug|Any CPU.ActiveCfg = Debug|Any CPU
		{7D9CB3F6-14D1-4FF2-A5CE-EC4A1759FA98}.Debug|Any CPU.Build.0 = Debug|Any CPU
		{7D9CB3F6-14D1-4FF2-A5CE-EC4A1759FA98}.Release|Any CPU.ActiveCfg = Release|Any CPU
		{7D9CB3F6-14D1-4FF2-A5CE-EC4A1759FA98}.Release|Any CPU.Build.0 = Release|Any CPU
		{4D562622-5198-4F92-AAB0-9639529E720B}.Debug|Any CPU.ActiveCfg = Debug|Any CPU
		{4D562622-5198-4F92-AAB0-9639529E720B}.Debug|Any CPU.Build.0 = Debug|Any CPU
		{4D562622-5198-4F92-AAB0-9639529E720B}.Release|Any CPU.ActiveCfg = Release|Any CPU
		{4D562622-5198-4F92-AAB0-9639529E720B}.Release|Any CPU.Build.0 = Release|Any CPU
	EndGlobalSection
	GlobalSection(SolutionProperties) = preSolution
		HideSolutionNode = FALSE
	EndGlobalSection
	GlobalSection(ExtensibilityGlobals) = postSolution
		SolutionGuid = {0C808939-91BE-4975-9AD1-9B37D0422E39}
	EndGlobalSection
EndGlobal
